
Microsoft Visual Studio Solution File, Format Version 12.00
# Visual Studio Version 17
VisualStudioVersion = 17.9.34622.214
MinimumVisualStudioVersion = 10.0.40219.1
Project("{8BC9CEB8-8B4A-11D0-8D11-00A0C91BC942}") = "10_7_实验题目2", "10_7_实验题目2\10_7_实验题目2.vcxproj", "{10BBE603-E169-42A9-81B9-022D823DAF2F}"
EndProject
Global
	GlobalSection(SolutionConfigurationPlatforms) = preSolution
		Debug|x64 = Debug|x64
		Debug|x86 = Debug|x86
		Release|x64 = Release|x64
		Release|x86 = Release|x86
	EndGlobalSection
	GlobalSection(ProjectConfigurationPlatforms) = postSolution
		{10BBE603-E169-42A9-81B9-022D823DAF2F}.Debug|x64.ActiveCfg = Debug|x64
		{10BBE603-E169-42A9-81B9-022D823DAF2F}.Debug|x64.Build.0 = Debug|x64
		{10BBE603-E169-42A9-81B9-022D823DAF2F}.Debug|x86.ActiveCfg = Debug|Win32
		{10BBE603-E169-42A9-81B9-022D823DAF2F}.Debug|x86.Build.0 = Debug|Win32
		{10BBE603-E169-42A9-81B9-022D823DAF2F}.Release|x64.ActiveCfg = Release|x64
		{10BBE603-E169-42A9-81B9-022D823DAF2F}.Release|x64.Build.0 = Release|x64
		{10BBE603-E169-42A9-81B9-022D823DAF2F}.Release|x86.ActiveCfg = Release|Win32
		{10BBE603-E169-42A9-81B9-022D823DAF2F}.Release|x86.Build.0 = Release|Win32
	EndGlobalSection
	GlobalSection(SolutionProperties) = preSolution
		HideSolutionNode = FALSE
	EndGlobalSection
	GlobalSection(ExtensibilityGlobals) = postSolution
		SolutionGuid = {9A8D7CED-71E3-4FD9-8EC8-9400D2E38F5E}
	EndGlobalSection
EndGlobal
